{
    "_meta": {
        "hash": {
            "sha256": "0065aaaf44fc6fc1b4f9c5623428b81c79ba64b129e3ddf861216878b7f64c76"
        },
        "pipfile-spec": 6,
        "requires": {
            "python_version": "3.11"
        },
        "sources": [
            {
                "name": "pypi",
                "url": "https://pypi.org/simple",
                "verify_ssl": true
            }
        ]
    },
    "default": {
        "altgraph": {
            "hashes": [
                "sha256:1b5afbb98f6c4dcadb2e2ae6ab9fa994bbb8c1d75f4fa96d340f9437ae454406",
                "sha256:642743b4750de17e655e6711601b077bc6598dbfa3ba5fa2b2a35ce12b508dff"
            ],
            "version": "==0.17.4"
        },
        "babel": {
            "hashes": [
                "sha256:b4246fb7677d3b98f501a39d43396d3cafdc8eadb045f4a31be01863f655c610",
                "sha256:cc2d99999cd01d44420ae725a21c9e3711b3aadc7976d6147f622d8581963455"
            ],
            "index": "pypi",
            "markers": "python_version >= '3.7'",
            "version": "==2.12.1"
        },
        "docxcompose": {
            "hashes": [
                "sha256:bcf2799a0b63c29eb77a3d799a2f28443ae0f69f8691ff3d753f706be515c3e9"
            ],
            "index": "pypi",
            "version": "==1.4.0"
        },
        "docxtpl": {
            "hashes": [
                "sha256:42c1f6250c655a1aff00818a14a83f2abb3c8293171e5fd3d5f338fd397e3860",
                "sha256:c5938dd891bf13958dd5dfd513816c688999060f037c316756a005cdebf9a322"
            ],
            "index": "pypi",
            "version": "==0.16.6"
        },
        "et-xmlfile": {
            "hashes": [
                "sha256:8eb9e2bc2f8c97e37a2dc85a09ecdcdec9d8a396530a6d5a33b30b9a92da0c5c",
                "sha256:a2ba85d1d6a74ef63837eed693bcb89c3f752169b0e3e7ae5b16ca5e1b3deada"
            ],
            "index": "pypi",
            "markers": "python_version >= '3.6'",
            "version": "==1.1.0"
        },
        "imageio": {
            "hashes": [
                "sha256:5db5087be5c814ecf7e2c7d30a1a15c97eca97d8c26f31ddc54d767d4a43bce8",
                "sha256:b9b456146aab459e648cde633b81bf487eb45248948f79c033e55af3bf1e6d70"
            ],
            "index": "pypi",
            "markers": "python_version >= '3.7'",
            "version": "==2.28.1"
        },
        "jinja2": {
            "hashes": [
                "sha256:31351a702a408a9e7595a8fc6150fc3f43bb6bf7e319770cbc0db9df9437e852",
                "sha256:6088930bfe239f0e6710546ab9c19c9ef35e29792895fed6e6e31a023a182a61"
            ],
            "index": "pypi",
            "markers": "python_version >= '3.7'",
            "version": "==3.1.2"
        },
        "lxml": {
            "hashes": [
                "sha256:01d36c05f4afb8f7c20fd9ed5badca32a2029b93b1750f571ccc0b142531caf7",
                "sha256:04876580c050a8c5341d706dd464ff04fd597095cc8c023252566a8826505726",
                "sha256:05ca3f6abf5cf78fe053da9b1166e062ade3fa5d4f92b4ed688127ea7d7b1d03",
                "sha256:090c6543d3696cbe15b4ac6e175e576bcc3f1ccfbba970061b7300b0c15a2140",
                "sha256:0dc313ef231edf866912e9d8f5a042ddab56c752619e92dfd3a2c277e6a7299a",
                "sha256:0f2b1e0d79180f344ff9f321327b005ca043a50ece8713de61d1cb383fb8ac05",
                "sha256:13598ecfbd2e86ea7ae45ec28a2a54fb87ee9b9fdb0f6d343297d8e548392c03",
                "sha256:16efd54337136e8cd72fb9485c368d91d77a47ee2d42b057564aae201257d419",
                "sha256:1ab8f1f932e8f82355e75dda5413a57612c6ea448069d4fb2e217e9a4bed13d4",
                "sha256:223f4232855ade399bd409331e6ca70fb5578efef22cf4069a6090acc0f53c0e",
                "sha256:2455cfaeb7ac70338b3257f41e21f0724f4b5b0c0e7702da67ee6c3640835b67",
                "sha256:2899456259589aa38bfb018c364d6ae7b53c5c22d8e27d0ec7609c2a1ff78b50",
                "sha256:2a29ba94d065945944016b6b74e538bdb1751a1db6ffb80c9d3c2e40d6fa9894",
                "sha256:2a87fa548561d2f4643c99cd13131acb607ddabb70682dcf1dff5f71f781a4bf",
                "sha256:2e430cd2824f05f2d4f687701144556646bae8f249fd60aa1e4c768ba7018947",
                "sha256:36c3c175d34652a35475a73762b545f4527aec044910a651d2bf50de9c3352b1",
                "sha256:3818b8e2c4b5148567e1b09ce739006acfaa44ce3156f8cbbc11062994b8e8dd",
                "sha256:3ab9fa9d6dc2a7f29d7affdf3edebf6ece6fb28a6d80b14c3b2fb9d39b9322c3",
                "sha256:3efea981d956a6f7173b4659849f55081867cf897e719f57383698af6f618a92",
                "sha256:4c8f293f14abc8fd3e8e01c5bd86e6ed0b6ef71936ded5bf10fe7a5efefbaca3",
                "sha256:5344a43228767f53a9df6e5b253f8cdca7dfc7b7aeae52551958192f56d98457",
                "sha256:58bfa3aa19ca4c0f28c5dde0ff56c520fbac6f0daf4fac66ed4c8d2fb7f22e74",
                "sha256:5b4545b8a40478183ac06c073e81a5ce4cf01bf1734962577cf2bb569a5b3bbf",
                "sha256:5f50a1c177e2fa3ee0667a5ab79fdc6b23086bc8b589d90b93b4bd17eb0e64d1",
                "sha256:63da2ccc0857c311d764e7d3d90f429c252e83b52d1f8f1d1fe55be26827d1f4",
                "sha256:6749649eecd6a9871cae297bffa4ee76f90b4504a2a2ab528d9ebe912b101975",
                "sha256:6804daeb7ef69e7b36f76caddb85cccd63d0c56dedb47555d2fc969e2af6a1a5",
                "sha256:689bb688a1db722485e4610a503e3e9210dcc20c520b45ac8f7533c837be76fe",
                "sha256:699a9af7dffaf67deeae27b2112aa06b41c370d5e7633e0ee0aea2e0b6c211f7",
                "sha256:6b418afe5df18233fc6b6093deb82a32895b6bb0b1155c2cdb05203f583053f1",
                "sha256:76cf573e5a365e790396a5cc2b909812633409306c6531a6877c59061e42c4f2",
                "sha256:7b515674acfdcadb0eb5d00d8a709868173acece5cb0be3dd165950cbfdf5409",
                "sha256:7b770ed79542ed52c519119473898198761d78beb24b107acf3ad65deae61f1f",
                "sha256:7d2278d59425777cfcb19735018d897ca8303abe67cc735f9f97177ceff8027f",
                "sha256:7e91ee82f4199af8c43d8158024cbdff3d931df350252288f0d4ce656df7f3b5",
                "sha256:821b7f59b99551c69c85a6039c65b75f5683bdc63270fec660f75da67469ca24",
                "sha256:822068f85e12a6e292803e112ab876bc03ed1f03dddb80154c395f891ca6b31e",
                "sha256:8340225bd5e7a701c0fa98284c849c9b9fc9238abf53a0ebd90900f25d39a4e4",
                "sha256:85cabf64adec449132e55616e7ca3e1000ab449d1d0f9d7f83146ed5bdcb6d8a",
                "sha256:880bbbcbe2fca64e2f4d8e04db47bcdf504936fa2b33933efd945e1b429bea8c",
                "sha256:8d0b4612b66ff5d62d03bcaa043bb018f74dfea51184e53f067e6fdcba4bd8de",
                "sha256:8e20cb5a47247e383cf4ff523205060991021233ebd6f924bca927fcf25cf86f",
                "sha256:925073b2fe14ab9b87e73f9a5fde6ce6392da430f3004d8b72cc86f746f5163b",
                "sha256:998c7c41910666d2976928c38ea96a70d1aa43be6fe502f21a651e17483a43c5",
                "sha256:9b22c5c66f67ae00c0199f6055705bc3eb3fcb08d03d2ec4059a2b1b25ed48d7",
                "sha256:9f102706d0ca011de571de32c3247c6476b55bb6bc65a20f682f000b07a4852a",
                "sha256:a08cff61517ee26cb56f1e949cca38caabe9ea9fbb4b1e10a805dc39844b7d5c",
                "sha256:a0a336d6d3e8b234a3aae3c674873d8f0e720b76bc1d9416866c41cd9500ffb9",
                "sha256:a35f8b7fa99f90dd2f5dc5a9fa12332642f087a7641289ca6c40d6e1a2637d8e",
                "sha256:a38486985ca49cfa574a507e7a2215c0c780fd1778bb6290c21193b7211702ab",
                "sha256:a5da296eb617d18e497bcf0a5c528f5d3b18dadb3619fbdadf4ed2356ef8d941",
                "sha256:a6e441a86553c310258aca15d1c05903aaf4965b23f3bc2d55f200804e005ee5",
                "sha256:a82d05da00a58b8e4c0008edbc8a4b6ec5a4bc1e2ee0fb6ed157cf634ed7fa45",
                "sha256:ab323679b8b3030000f2be63e22cdeea5b47ee0abd2d6a1dc0c8103ddaa56cd7",
                "sha256:b1f42b6921d0e81b1bcb5e395bc091a70f41c4d4e55ba99c6da2b31626c44892",
                "sha256:b23e19989c355ca854276178a0463951a653309fb8e57ce674497f2d9f208746",
                "sha256:b264171e3143d842ded311b7dccd46ff9ef34247129ff5bf5066123c55c2431c",
                "sha256:b26a29f0b7fc6f0897f043ca366142d2b609dc60756ee6e4e90b5f762c6adc53",
                "sha256:b64d891da92e232c36976c80ed7ebb383e3f148489796d8d31a5b6a677825efe",
                "sha256:b9cc34af337a97d470040f99ba4282f6e6bac88407d021688a5d585e44a23184",
                "sha256:bc718cd47b765e790eecb74d044cc8d37d58562f6c314ee9484df26276d36a38",
                "sha256:be7292c55101e22f2a3d4d8913944cbea71eea90792bf914add27454a13905df",
                "sha256:c83203addf554215463b59f6399835201999b5e48019dc17f182ed5ad87205c9",
                "sha256:c9ec3eaf616d67db0764b3bb983962b4f385a1f08304fd30c7283954e6a7869b",
                "sha256:ca34efc80a29351897e18888c71c6aca4a359247c87e0b1c7ada14f0ab0c0fb2",
                "sha256:ca989b91cf3a3ba28930a9fc1e9aeafc2a395448641df1f387a2d394638943b0",
                "sha256:d02a5399126a53492415d4906ab0ad0375a5456cc05c3fc0fc4ca11771745cda",
                "sha256:d17bc7c2ccf49c478c5bdd447594e82692c74222698cfc9b5daae7ae7e90743b",
                "sha256:d5bf6545cd27aaa8a13033ce56354ed9e25ab0e4ac3b5392b763d8d04b08e0c5",
                "sha256:d6b430a9938a5a5d85fc107d852262ddcd48602c120e3dbb02137c83d212b380",
                "sha256:da248f93f0418a9e9d94b0080d7ebc407a9a5e6d0b57bb30db9b5cc28de1ad33",
                "sha256:da4dd7c9c50c059aba52b3524f84d7de956f7fef88f0bafcf4ad7dde94a064e8",
                "sha256:df0623dcf9668ad0445e0558a21211d4e9a149ea8f5666917c8eeec515f0a6d1",
                "sha256:e5168986b90a8d1f2f9dc1b841467c74221bd752537b99761a93d2d981e04889",
                "sha256:efa29c2fe6b4fdd32e8ef81c1528506895eca86e1d8c4657fda04c9b3786ddf9",
                "sha256:f1496ea22ca2c830cbcbd473de8f114a320da308438ae65abad6bab7867fe38f",
                "sha256:f49e52d174375a7def9915c9f06ec4e569d235ad428f70751765f48d5926678c"
            ],
            "index": "pypi",
            "markers": "python_version >= '2.7' and python_version not in '3.0, 3.1, 3.2, 3.3, 3.4'",
            "version": "==4.9.2"
        },
        "macholib": {
            "hashes": [
                "sha256:07ae9e15e8e4cd9a788013d81f5908b3609aa76f9b1421bae9c4d7606ec86a30",
                "sha256:0e315d7583d38b8c77e815b1ecbdbf504a8258d8b3e17b61165c6feb60d18f2c"
            ],
            "markers": "sys_platform == 'darwin'",
            "version": "==1.16.3"
        },
        "markupsafe": {
            "hashes": [
                "sha256:0576fe974b40a400449768941d5d0858cc624e3249dfd1e0c33674e5c7ca7aed",
                "sha256:085fd3201e7b12809f9e6e9bc1e5c96a368c8523fad5afb02afe3c051ae4afcc",
                "sha256:090376d812fb6ac5f171e5938e82e7f2d7adc2b629101cec0db8b267815c85e2",
                "sha256:0b462104ba25f1ac006fdab8b6a01ebbfbce9ed37fd37fd4acd70c67c973e460",
                "sha256:137678c63c977754abe9086a3ec011e8fd985ab90631145dfb9294ad09c102a7",
                "sha256:1bea30e9bf331f3fef67e0a3877b2288593c98a21ccb2cf29b74c581a4eb3af0",
                "sha256:22152d00bf4a9c7c83960521fc558f55a1adbc0631fbb00a9471e097b19d72e1",
                "sha256:22731d79ed2eb25059ae3df1dfc9cb1546691cc41f4e3130fe6bfbc3ecbbecfa",
                "sha256:2298c859cfc5463f1b64bd55cb3e602528db6fa0f3cfd568d3605c50678f8f03",
                "sha256:28057e985dace2f478e042eaa15606c7efccb700797660629da387eb289b9323",
                "sha256:2e7821bffe00aa6bd07a23913b7f4e01328c3d5cc0b40b36c0bd81d362faeb65",
                "sha256:2ec4f2d48ae59bbb9d1f9d7efb9236ab81429a764dedca114f5fdabbc3788013",
                "sha256:340bea174e9761308703ae988e982005aedf427de816d1afe98147668cc03036",
                "sha256:40627dcf047dadb22cd25ea7ecfe9cbf3bbbad0482ee5920b582f3809c97654f",
                "sha256:40dfd3fefbef579ee058f139733ac336312663c6706d1163b82b3003fb1925c4",
                "sha256:4cf06cdc1dda95223e9d2d3c58d3b178aa5dacb35ee7e3bbac10e4e1faacb419",
                "sha256:50c42830a633fa0cf9e7d27664637532791bfc31c731a87b202d2d8ac40c3ea2",
                "sha256:55f44b440d491028addb3b88f72207d71eeebfb7b5dbf0643f7c023ae1fba619",
                "sha256:608e7073dfa9e38a85d38474c082d4281f4ce276ac0010224eaba11e929dd53a",
                "sha256:63ba06c9941e46fa389d389644e2d8225e0e3e5ebcc4ff1ea8506dce646f8c8a",
                "sha256:65608c35bfb8a76763f37036547f7adfd09270fbdbf96608be2bead319728fcd",
                "sha256:665a36ae6f8f20a4676b53224e33d456a6f5a72657d9c83c2aa00765072f31f7",
                "sha256:6d6607f98fcf17e534162f0709aaad3ab7a96032723d8ac8750ffe17ae5a0666",
                "sha256:7313ce6a199651c4ed9d7e4cfb4aa56fe923b1adf9af3b420ee14e6d9a73df65",
                "sha256:7668b52e102d0ed87cb082380a7e2e1e78737ddecdde129acadb0eccc5423859",
                "sha256:7df70907e00c970c60b9ef2938d894a9381f38e6b9db73c5be35e59d92e06625",
                "sha256:7e007132af78ea9df29495dbf7b5824cb71648d7133cf7848a2a5dd00d36f9ff",
                "sha256:835fb5e38fd89328e9c81067fd642b3593c33e1e17e2fdbf77f5676abb14a156",
                "sha256:8bca7e26c1dd751236cfb0c6c72d4ad61d986e9a41bbf76cb445f69488b2a2bd",
                "sha256:8db032bf0ce9022a8e41a22598eefc802314e81b879ae093f36ce9ddf39ab1ba",
                "sha256:99625a92da8229df6d44335e6fcc558a5037dd0a760e11d84be2260e6f37002f",
                "sha256:9cad97ab29dfc3f0249b483412c85c8ef4766d96cdf9dcf5a1e3caa3f3661cf1",
                "sha256:a4abaec6ca3ad8660690236d11bfe28dfd707778e2442b45addd2f086d6ef094",
                "sha256:a6e40afa7f45939ca356f348c8e23048e02cb109ced1eb8420961b2f40fb373a",
                "sha256:a6f2fcca746e8d5910e18782f976489939d54a91f9411c32051b4aab2bd7c513",
                "sha256:a806db027852538d2ad7555b203300173dd1b77ba116de92da9afbc3a3be3eed",
                "sha256:abcabc8c2b26036d62d4c746381a6f7cf60aafcc653198ad678306986b09450d",
                "sha256:b8526c6d437855442cdd3d87eede9c425c4445ea011ca38d937db299382e6fa3",
                "sha256:bb06feb762bade6bf3c8b844462274db0c76acc95c52abe8dbed28ae3d44a147",
                "sha256:c0a33bc9f02c2b17c3ea382f91b4db0e6cde90b63b296422a939886a7a80de1c",
                "sha256:c4a549890a45f57f1ebf99c067a4ad0cb423a05544accaf2b065246827ed9603",
                "sha256:ca244fa73f50a800cf8c3ebf7fd93149ec37f5cb9596aa8873ae2c1d23498601",
                "sha256:cf877ab4ed6e302ec1d04952ca358b381a882fbd9d1b07cccbfd61783561f98a",
                "sha256:d9d971ec1e79906046aa3ca266de79eac42f1dbf3612a05dc9368125952bd1a1",
                "sha256:da25303d91526aac3672ee6d49a2f3db2d9502a4a60b55519feb1a4c7714e07d",
                "sha256:e55e40ff0cc8cc5c07996915ad367fa47da6b3fc091fdadca7f5403239c5fec3",
                "sha256:f03a532d7dee1bed20bc4884194a16160a2de9ffc6354b3878ec9682bb623c54",
                "sha256:f1cd098434e83e656abf198f103a8207a8187c0fc110306691a2e94a78d0abb2",
                "sha256:f2bfb563d0211ce16b63c7cb9395d2c682a23187f54c3d79bfec33e6705473c6",
                "sha256:f8ffb705ffcf5ddd0e80b65ddf7bed7ee4f5a441ea7d3419e861a12eaf41af58"
            ],
            "index": "pypi",
            "markers": "python_version >= '3.7'",
            "version": "==2.1.2"
        },
        "numpy": {
            "hashes": [
                "sha256:0ec87a7084caa559c36e0a2309e4ecb1baa03b687201d0a847c8b0ed476a7187",
                "sha256:1a7d6acc2e7524c9955e5c903160aa4ea083736fde7e91276b0e5d98e6332812",
                "sha256:202de8f38fc4a45a3eea4b63e2f376e5f2dc64ef0fa692838e31a808520efaf7",
                "sha256:210461d87fb02a84ef243cac5e814aad2b7f4be953b32cb53327bb49fd77fbb4",
                "sha256:2d926b52ba1367f9acb76b0df6ed21f0b16a1ad87c6720a1121674e5cf63e2b6",
                "sha256:352ee00c7f8387b44d19f4cada524586f07379c0d49270f87233983bc5087ca0",
                "sha256:35400e6a8d102fd07c71ed7dcadd9eb62ee9a6e84ec159bd48c28235bbb0f8e4",
                "sha256:3c1104d3c036fb81ab923f507536daedc718d0ad5a8707c6061cdfd6d184e570",
                "sha256:4719d5aefb5189f50887773699eaf94e7d1e02bf36c1a9d353d9f46703758ca4",
                "sha256:4749e053a29364d3452c034827102ee100986903263e89884922ef01a0a6fd2f",
                "sha256:5342cf6aad47943286afa6f1609cad9b4266a05e7f2ec408e2cf7aea7ff69d80",
                "sha256:56e48aec79ae238f6e4395886b5eaed058abb7231fb3361ddd7bfdf4eed54289",
                "sha256:76e3f4e85fc5d4fd311f6e9b794d0c00e7002ec122be271f2019d63376f1d385",
                "sha256:7776ea65423ca6a15255ba1872d82d207bd1e09f6d0894ee4a64678dd2204078",
                "sha256:784c6da1a07818491b0ffd63c6bbe5a33deaa0e25a20e1b3ea20cf0e43f8046c",
                "sha256:8535303847b89aa6b0f00aa1dc62867b5a32923e4d1681a35b5eef2d9591a463",
                "sha256:9a7721ec204d3a237225db3e194c25268faf92e19338a35f3a224469cb6039a3",
                "sha256:a1d3c026f57ceaad42f8231305d4653d5f05dc6332a730ae5c0bea3513de0950",
                "sha256:ab344f1bf21f140adab8e47fdbc7c35a477dc01408791f8ba00d018dd0bc5155",
                "sha256:ab5f23af8c16022663a652d3b25dcdc272ac3f83c3af4c02eb8b824e6b3ab9d7",
                "sha256:ae8d0be48d1b6ed82588934aaaa179875e7dc4f3d84da18d7eae6eb3f06c242c",
                "sha256:c91c4afd8abc3908e00a44b2672718905b8611503f7ff87390cc0ac3423fb096",
                "sha256:d5036197ecae68d7f491fcdb4df90082b0d4960ca6599ba2659957aafced7c17",
                "sha256:d6cc757de514c00b24ae8cf5c876af2a7c3df189028d68c0cb4eaa9cd5afc2bf",
                "sha256:d933fabd8f6a319e8530d0de4fcc2e6a61917e0b0c271fded460032db42a0fe4",
                "sha256:ea8282b9bcfe2b5e7d491d0bf7f3e2da29700cec05b49e64d6246923329f2b02",
                "sha256:ecde0f8adef7dfdec993fd54b0f78183051b6580f606111a6d789cd14c61ea0c",
                "sha256:f21c442fdd2805e91799fbe044a7b999b8571bb0ab0f7850d0cb9641a687092b"
            ],
            "index": "pypi",
            "markers": "python_version >= '3.8'",
            "version": "==1.24.3"
        },
        "openpyxl": {
            "hashes": [
                "sha256:a6f5977418eff3b2d5500d54d9db50c8277a368436f4e4f8ddb1be3422870184",
                "sha256:f91456ead12ab3c6c2e9491cf33ba6d08357d802192379bb482f1033ade496f5"
            ],
            "index": "pypi",
            "markers": "python_version >= '3.6'",
            "version": "==3.1.2"
        },
        "packaging": {
            "hashes": [
                "sha256:048fb0e9405036518eaaf48a55953c750c11e1a1b68e0dd1a9d62ed0c092cfc5",
                "sha256:8c491190033a9af7e1d931d0b5dacc2ef47509b34dd0de67ed209b5203fc88c7"
            ],
            "markers": "python_version >= '3.7'",
            "version": "==23.2"
        },
        "pandas": {
            "hashes": [
                "sha256:00959a04a1d7bbc63d75a768540fb20ecc9e65fd80744c930e23768345a362a7",
                "sha256:03e677c6bc9cfb7f93a8b617d44f6091613a5671ef2944818469be7b42114a00",
                "sha256:0a514ae436b23a92366fbad8365807fc0eed15ca219690b3445dcfa33597a5cc",
                "sha256:12bd6618e3cc737c5200ecabbbb5eaba8ab645a4b0db508ceeb4004bb10b060e",
                "sha256:18d22cb9043b6c6804529810f492ab09d638ddf625c5dea8529239607295cb59",
                "sha256:19b8e5270da32b41ebf12f0e7165efa7024492e9513fb46fb631c5022ae5709d",
                "sha256:2b6fe5f7ce1cba0e74188c8473c9091ead9b293ef0a6794939f8cc7947057abd",
                "sha256:320b180d125c3842c5da5889183b9a43da4ebba375ab2ef938f57bf267a3c684",
                "sha256:3d099ecaa5b9e977b55cd43cf842ec13b14afa1cfa51b7e1179d90b38c53ce6a",
                "sha256:6c0853d487b6c868bf107a4b270a823746175b1932093b537b9b76c639fc6f7e",
                "sha256:6fa0067f2419f933101bdc6001bcea1d50812afbd367b30943417d67fbb99678",
                "sha256:70a996a1d2432dadedbb638fe7d921c88b0cc4dd90374eab51bb33dc6c0c2a12",
                "sha256:7b8395d335b08bc8b050590da264f94a439b4770ff16bb51798527f1dd840388",
                "sha256:7bbf173d364130334e0159a9a034f573e8b44a05320995127cf676b85fd8ce86",
                "sha256:8db5a644d184a38e6ed40feeb12d410d7fcc36648443defe4707022da127fc35",
                "sha256:909a72b52175590debbf1d0c9e3e6bce2f1833c80c76d80bd1aa09188be768e5",
                "sha256:90d1d365d77d287063c5e339f49b27bd99ef06d10a8843cf00b1a49326d492c1",
                "sha256:910df06feaf9935d05247db6de452f6d59820e432c18a2919a92ffcd98f8f79b",
                "sha256:99f7192d8b0e6daf8e0d0fd93baa40056684e4b4aaaef9ea78dff34168e1f2f0",
                "sha256:a2564629b3a47b6aa303e024e3d84e850d36746f7e804347f64229f8c87416ea",
                "sha256:a37ee35a3eb6ce523b2c064af6286c45ea1c7ff882d46e10d0945dbda7572753",
                "sha256:af2449e9e984dfad39276b885271ba31c5e0204ffd9f21f287a245980b0e4091",
                "sha256:e09a53a4fe8d6ae2149959a2d02e1ef2f4d2ceb285ac48f74b79798507e468b4",
                "sha256:f25e23a03f7ad7211ffa30cb181c3e5f6d96a8e4cb22898af462a7333f8a74eb",
                "sha256:fe7914d8ddb2d54b900cec264c090b88d141a1eed605c9539a187dbc2547f022"
            ],
            "index": "pypi",
            "markers": "python_version >= '3.8'",
            "version": "==2.0.1"
        },
        "pillow": {
            "hashes": [
                "sha256:00f438bb841382b15d7deb9a05cc946ee0f2c352653c7aa659e75e592f6fa17d",
                "sha256:0248f86b3ea061e67817c47ecbe82c23f9dd5d5226200eb9090b3873d3ca32de",
                "sha256:04f6f6149f266a100374ca3cc368b67fb27c4af9f1cc8cb6306d849dcdf12616",
                "sha256:062a1610e3bc258bff2328ec43f34244fcec972ee0717200cb1425214fe5b839",
                "sha256:0a026c188be3b443916179f5d04548092e253beb0c3e2ee0a4e2cdad72f66099",
                "sha256:0f7c276c05a9767e877a0b4c5050c8bee6a6d960d7f0c11ebda6b99746068c2a",
                "sha256:1a8413794b4ad9719346cd9306118450b7b00d9a15846451549314a58ac42219",
                "sha256:1ab05f3db77e98f93964697c8efc49c7954b08dd61cff526b7f2531a22410106",
                "sha256:1c3ac5423c8c1da5928aa12c6e258921956757d976405e9467c5f39d1d577a4b",
                "sha256:1c41d960babf951e01a49c9746f92c5a7e0d939d1652d7ba30f6b3090f27e412",
                "sha256:1fafabe50a6977ac70dfe829b2d5735fd54e190ab55259ec8aea4aaea412fa0b",
                "sha256:1fb29c07478e6c06a46b867e43b0bcdb241b44cc52be9bc25ce5944eed4648e7",
                "sha256:24fadc71218ad2b8ffe437b54876c9382b4a29e030a05a9879f615091f42ffc2",
                "sha256:2cdc65a46e74514ce742c2013cd4a2d12e8553e3a2563c64879f7c7e4d28bce7",
                "sha256:2ef6721c97894a7aa77723740a09547197533146fba8355e86d6d9a4a1056b14",
                "sha256:3b834f4b16173e5b92ab6566f0473bfb09f939ba14b23b8da1f54fa63e4b623f",
                "sha256:3d929a19f5469b3f4df33a3df2983db070ebb2088a1e145e18facbc28cae5b27",
                "sha256:41f67248d92a5e0a2076d3517d8d4b1e41a97e2df10eb8f93106c89107f38b57",
                "sha256:47e5bf85b80abc03be7455c95b6d6e4896a62f6541c1f2ce77a7d2bb832af262",
                "sha256:4d0152565c6aa6ebbfb1e5d8624140a440f2b99bf7afaafbdbf6430426497f28",
                "sha256:50d08cd0a2ecd2a8657bd3d82c71efd5a58edb04d9308185d66c3a5a5bed9610",
                "sha256:61f1a9d247317fa08a308daaa8ee7b3f760ab1809ca2da14ecc88ae4257d6172",
                "sha256:6932a7652464746fcb484f7fc3618e6503d2066d853f68a4bd97193a3996e273",
                "sha256:7a7e3daa202beb61821c06d2517428e8e7c1aab08943e92ec9e5755c2fc9ba5e",
                "sha256:7dbaa3c7de82ef37e7708521be41db5565004258ca76945ad74a8e998c30af8d",
                "sha256:7df5608bc38bd37ef585ae9c38c9cd46d7c81498f086915b0f97255ea60c2818",
                "sha256:806abdd8249ba3953c33742506fe414880bad78ac25cc9a9b1c6ae97bedd573f",
                "sha256:883f216eac8712b83a63f41b76ddfb7b2afab1b74abbb413c5df6680f071a6b9",
                "sha256:912e3812a1dbbc834da2b32299b124b5ddcb664ed354916fd1ed6f193f0e2d01",
                "sha256:937bdc5a7f5343d1c97dc98149a0be7eb9704e937fe3dc7140e229ae4fc572a7",
                "sha256:9882a7451c680c12f232a422730f986a1fcd808da0fd428f08b671237237d651",
                "sha256:9a92109192b360634a4489c0c756364c0c3a2992906752165ecb50544c251312",
                "sha256:9d7bc666bd8c5a4225e7ac71f2f9d12466ec555e89092728ea0f5c0c2422ea80",
                "sha256:a5f63b5a68daedc54c7c3464508d8c12075e56dcfbd42f8c1bf40169061ae666",
                "sha256:a646e48de237d860c36e0db37ecaecaa3619e6f3e9d5319e527ccbc8151df061",
                "sha256:a89b8312d51715b510a4fe9fc13686283f376cfd5abca8cd1c65e4c76e21081b",
                "sha256:a92386125e9ee90381c3369f57a2a50fa9e6aa8b1cf1d9c4b200d41a7dd8e992",
                "sha256:ae88931f93214777c7a3aa0a8f92a683f83ecde27f65a45f95f22d289a69e593",
                "sha256:afc8eef765d948543a4775f00b7b8c079b3321d6b675dde0d02afa2ee23000b4",
                "sha256:b0eb01ca85b2361b09480784a7931fc648ed8b7836f01fb9241141b968feb1db",
                "sha256:b1c25762197144e211efb5f4e8ad656f36c8d214d390585d1d21281f46d556ba",
                "sha256:b4005fee46ed9be0b8fb42be0c20e79411533d1fd58edabebc0dd24626882cfd",
                "sha256:b920e4d028f6442bea9a75b7491c063f0b9a3972520731ed26c83e254302eb1e",
                "sha256:baada14941c83079bf84c037e2d8b7506ce201e92e3d2fa0d1303507a8538212",
                "sha256:bb40c011447712d2e19cc261c82655f75f32cb724788df315ed992a4d65696bb",
                "sha256:c0949b55eb607898e28eaccb525ab104b2d86542a85c74baf3a6dc24002edec2",
                "sha256:c9aeea7b63edb7884b031a35305629a7593272b54f429a9869a4f63a1bf04c34",
                "sha256:cfe96560c6ce2f4c07d6647af2d0f3c54cc33289894ebd88cfbb3bcd5391e256",
                "sha256:d27b5997bdd2eb9fb199982bb7eb6164db0426904020dc38c10203187ae2ff2f",
                "sha256:d921bc90b1defa55c9917ca6b6b71430e4286fc9e44c55ead78ca1a9f9eba5f2",
                "sha256:e6bf8de6c36ed96c86ea3b6e1d5273c53f46ef518a062464cd7ef5dd2cf92e38",
                "sha256:eaed6977fa73408b7b8a24e8b14e59e1668cfc0f4c40193ea7ced8e210adf996",
                "sha256:fa1d323703cfdac2036af05191b969b910d8f115cf53093125e4058f62012c9a",
                "sha256:fe1e26e1ffc38be097f0ba1d0d07fcade2bcfd1d023cda5b29935ae8052bd793"
            ],
            "markers": "python_version >= '3.8'",
            "version": "==10.1.0"
        },
        "pyinstaller": {
            "hashes": [
                "sha256:247b99c52dc3cf69eba905da30dbca0a8ea309e1058cab44658ac838d9b8f2f0",
                "sha256:2d16641a495593d174504263b038a6d3d46b3b15a381ccb216cf6cce67723512",
                "sha256:333b4ffda38d9c0a561c38429dd9848d37aa78f3b8ea8a6f2b2e69a60d523c02",
                "sha256:6afc7aa4885ffd3e6121a8cf2138830099f874c18cb5869bed8c1a42db82d060",
                "sha256:6ecc464bf56919bf2d6bff275f38d85ff08ae747b8ead3a0c26cf85573b3c723",
                "sha256:7a1db833bb0302b66ae3ae337fbd5487699658ce869ca4d538b5359b8179e83a",
                "sha256:85e39e36d03355423636907a26a9bfa06fdc93cb1086441b19d2d0ca448479fa",
                "sha256:915a502802c751bafd92d568ac57468ec6cdf252b8308aa9a167bbc2c565ad2d",
                "sha256:9e9a38f41f8280c8e29b294716992852281b41fbe64ba330ebab671efe27b26d",
                "sha256:bb7de35cd209a0a0358aec761a273ae951d2161c03728f15d9a640d06a88e472",
                "sha256:df97aaf1103a1c485aa3c9947792a86675e370f5ce9b436b4a84e34a4180c8d2",
                "sha256:f677fbc151db1eb00ada94e86ed128e7b359cbd6bf3f6ea815afdde687692d46"
            ],
            "index": "pypi",
            "markers": "python_version < '3.12' and python_version >= '3.7'",
            "version": "==5.10.1"
        },
        "pyinstaller-hooks-contrib": {
            "hashes": [
                "sha256:7fb856a81fd06a717188a3175caa77e902035cc067b00b583c6409c62497b23f",
                "sha256:e02c5f0ee3d4f5814588c2128caf5036c058ba764aaf24d957bb5311ad8690ad"
            ],
            "index": "pypi",
            "markers": "python_version >= '3.7'",
            "version": "==2023.2"
        },
        "pyinstaller-versionfile": {
            "hashes": [
                "sha256:19c3ca9d2e2c48c7cf8af173951b5d76fe826392c11b06575554e28c862a6997",
                "sha256:34892679ec655fa1190ec07d2eda7042c8b5e6c44f5c056ec3eb1471d9955c18"
            ],
            "index": "pypi",
            "markers": "python_version >= '3.6'",
            "version": "==2.1.1"
        },
        "pyqt6": {
            "hashes": [
                "sha256:2b0d9628134811fbfc988d1757111ca8e25cb697f136fa54c969fb1a4d4a61d1",
                "sha256:6f3d232fe2abb02689d23a83f9629ccca6d57a36384688cd6411700ff5cf43f2",
                "sha256:952ba3b50c10f61289ea74db4c7a616170219959ac5300e0d9ec5427a27e95c7",
                "sha256:99ea0e68f548509b7ef97cded0feeaf3dca7d1fe719388569407326be3be38c2",
                "sha256:b3f2bf611e7f09c25f5decb82fc27bbe63fcc498e63bf11d17e23916d716c805",
                "sha256:b97cb4be9b2c8997904ea668cf3b0a4ae5822196f7792590d05ecde6216a9fbc",
                "sha256:e3c8289d9a509be897265981b77eb29e64ce29e9d221fdf52545c2c95e819c9b"
            ],
            "index": "pypi",
            "markers": "python_full_version >= '3.6.1'",
            "version": "==6.5.0"
        },
        "pyqt6-qt6": {
            "hashes": [
                "sha256:1178fcd5e9590fec4261e06a753a8fa028222ec0bd9a0788b3bd37720fbbe6cf",
                "sha256:5f40ef19eb632731828283361f800928517650c74c914c093af9a364d6843953",
                "sha256:8c1f898f4d02a31615fe7613a38f82b489fb2c8554965c917d551470731635a8",
                "sha256:9d82d8af986a0eef55905f309fdda4303d1354eba10175824ae62ab6547f7a96"
            ],
            "index": "pypi",
            "version": "==6.5.0"
        },
        "pyqt6-sip": {
            "hashes": [
                "sha256:08b69898aab0fcc73661b212d434f9e9eb50319481bc2ac3aaf1ac06bc9feca6",
                "sha256:18c0e75e6ebd91dc96dbc6290f044ec37e764890ef2182c82b99ea5b655ea466",
                "sha256:1e7bb3e45e57dfdb9437043d99b7cb797707e7f2475d122928b13688458f94b7",
                "sha256:2a15f080a994936ed182f4a81343baa19bac9063ec6efc0a93d026f5cfc95ace",
                "sha256:4b2e70d21069fe6e20bf22de1de2985e064e00d1368e0a171ce38824be4339ab",
                "sha256:52931307cf06c5ac992df2877e899f8b8ba72464e2828fe442b18fd51c7bf787",
                "sha256:5e8fdb0821c0c556d2a34db1229d4bd711499a1102241b1b9fcf1ee34f87e564",
                "sha256:a867601c38acc9b0c7f9aab4f96d9ec8cbedfcd5ae245f82a9c1c48f352413e4",
                "sha256:ad802005e68bb9bb6f869b7f904c73d7c7793d11b83d317c33ff6b0c163d785f",
                "sha256:c3e2f155f92f96d73c680caf3d87f4f9f9aaf6487c125ecbe7140daad7d87245",
                "sha256:c71d303ff654ad947d8c0cb5ebfde9a59390aac52eb695a775234a08bee8f44e",
                "sha256:d1e9141752966669576d04b37ba0b122abbc41cc9c35493751028d7d91c4dd49",
                "sha256:d79957dd0c0ea1a17f0846806ea203dce827df6a9dcd93ebfe98fdd6186d9ecc",
                "sha256:d90dfec64c35c91644a3e32d3e5680cdee549d00245ea7252cb6298797f9bcef",
                "sha256:e0d715bb5b86eb8f09d84b2b4400df7e4c96ef730801bc145a1c23be79f39fac",
                "sha256:f7b4e3cad598afd9b50a32732007184141b400769d425cae86f4e702cbc882b3"
            ],
            "index": "pypi",
            "markers": "python_version >= '3.7'",
            "version": "==13.5.1"
        },
        "python-dateutil": {
            "hashes": [
                "sha256:0123cacc1627ae19ddf3c27a5de5bd67ee4586fbdd6440d9748f8abb483d3e86",
                "sha256:961d03dc3453ebbc59dbdea9e4e11c5651520a876d0f4db161e8674aae935da9"
            ],
            "index": "pypi",
            "markers": "python_version >= '2.7' and python_version not in '3.0, 3.1, 3.2'",
            "version": "==2.8.2"
        },
        "python-docx": {
            "hashes": [
                "sha256:1105d233a0956dd8dd1e710d20b159e2d72ac3c301041b95f4d4ceb3e0ebebc4"
            ],
            "index": "pypi",
            "version": "==0.8.11"
        },
        "pytz": {
            "hashes": [
                "sha256:1d8ce29db189191fb55338ee6d0387d82ab59f3d00eac103412d64e0ebd0c588",
                "sha256:a151b3abb88eda1d4e34a9814df37de2a80e301e68ba0fd856fb9b46bfbbbffb"
            ],
            "index": "pypi",
            "version": "==2023.3"
        },
        "pyyaml": {
            "hashes": [
                "sha256:04ac92ad1925b2cff1db0cfebffb6ffc43457495c9b3c39d3fcae417d7125dc5",
                "sha256:062582fca9fabdd2c8b54a3ef1c978d786e0f6b3a1510e0ac93ef59e0ddae2bc",
                "sha256:0d3304d8c0adc42be59c5f8a4d9e3d7379e6955ad754aa9d6ab7a398b59dd1df",
                "sha256:1635fd110e8d85d55237ab316b5b011de701ea0f29d07611174a1b42f1444741",
                "sha256:184c5108a2aca3c5b3d3bf9395d50893a7ab82a38004c8f61c258d4428e80206",
                "sha256:18aeb1bf9a78867dc38b259769503436b7c72f7a1f1f4c93ff9a17de54319b27",
                "sha256:1d4c7e777c441b20e32f52bd377e0c409713e8bb1386e1099c2415f26e479595",
                "sha256:1e2722cc9fbb45d9b87631ac70924c11d3a401b2d7f410cc0e3bbf249f2dca62",
                "sha256:1fe35611261b29bd1de0070f0b2f47cb6ff71fa6595c077e42bd0c419fa27b98",
                "sha256:28c119d996beec18c05208a8bd78cbe4007878c6dd15091efb73a30e90539696",
                "sha256:326c013efe8048858a6d312ddd31d56e468118ad4cdeda36c719bf5bb6192290",
                "sha256:40df9b996c2b73138957fe23a16a4f0ba614f4c0efce1e9406a184b6d07fa3a9",
                "sha256:42f8152b8dbc4fe7d96729ec2b99c7097d656dc1213a3229ca5383f973a5ed6d",
                "sha256:49a183be227561de579b4a36efbb21b3eab9651dd81b1858589f796549873dd6",
                "sha256:4fb147e7a67ef577a588a0e2c17b6db51dda102c71de36f8549b6816a96e1867",
                "sha256:50550eb667afee136e9a77d6dc71ae76a44df8b3e51e41b77f6de2932bfe0f47",
                "sha256:510c9deebc5c0225e8c96813043e62b680ba2f9c50a08d3724c7f28a747d1486",
                "sha256:5773183b6446b2c99bb77e77595dd486303b4faab2b086e7b17bc6bef28865f6",
                "sha256:596106435fa6ad000c2991a98fa58eeb8656ef2325d7e158344fb33864ed87e3",
                "sha256:6965a7bc3cf88e5a1c3bd2e0b5c22f8d677dc88a455344035f03399034eb3007",
                "sha256:69b023b2b4daa7548bcfbd4aa3da05b3a74b772db9e23b982788168117739938",
                "sha256:6c22bec3fbe2524cde73d7ada88f6566758a8f7227bfbf93a408a9d86bcc12a0",
                "sha256:704219a11b772aea0d8ecd7058d0082713c3562b4e271b849ad7dc4a5c90c13c",
                "sha256:7e07cbde391ba96ab58e532ff4803f79c4129397514e1413a7dc761ccd755735",
                "sha256:81e0b275a9ecc9c0c0c07b4b90ba548307583c125f54d5b6946cfee6360c733d",
                "sha256:855fb52b0dc35af121542a76b9a84f8d1cd886ea97c84703eaa6d88e37a2ad28",
                "sha256:8d4e9c88387b0f5c7d5f281e55304de64cf7f9c0021a3525bd3b1c542da3b0e4",
                "sha256:9046c58c4395dff28dd494285c82ba00b546adfc7ef001486fbf0324bc174fba",
                "sha256:9eb6caa9a297fc2c2fb8862bc5370d0303ddba53ba97e71f08023b6cd73d16a8",
                "sha256:a0cd17c15d3bb3fa06978b4e8958dcdc6e0174ccea823003a106c7d4d7899ac5",
                "sha256:afd7e57eddb1a54f0f1a974bc4391af8bcce0b444685d936840f125cf046d5bd",
                "sha256:b1275ad35a5d18c62a7220633c913e1b42d44b46ee12554e5fd39c70a243d6a3",
                "sha256:b786eecbdf8499b9ca1d697215862083bd6d2a99965554781d0d8d1ad31e13a0",
                "sha256:ba336e390cd8e4d1739f42dfe9bb83a3cc2e80f567d8805e11b46f4a943f5515",
                "sha256:baa90d3f661d43131ca170712d903e6295d1f7a0f595074f151c0aed377c9b9c",
                "sha256:bc1bf2925a1ecd43da378f4db9e4f799775d6367bdb94671027b73b393a7c42c",
                "sha256:bd4af7373a854424dabd882decdc5579653d7868b8fb26dc7d0e99f823aa5924",
                "sha256:bf07ee2fef7014951eeb99f56f39c9bb4af143d8aa3c21b1677805985307da34",
                "sha256:bfdf460b1736c775f2ba9f6a92bca30bc2095067b8a9d77876d1fad6cc3b4a43",
                "sha256:c8098ddcc2a85b61647b2590f825f3db38891662cfc2fc776415143f599bb859",
                "sha256:d2b04aac4d386b172d5b9692e2d2da8de7bfb6c387fa4f801fbf6fb2e6ba4673",
                "sha256:d483d2cdf104e7c9fa60c544d92981f12ad66a457afae824d146093b8c294c54",
                "sha256:d858aa552c999bc8a8d57426ed01e40bef403cd8ccdd0fc5f6f04a00414cac2a",
                "sha256:e7d73685e87afe9f3b36c799222440d6cf362062f78be1013661b00c5c6f678b",
                "sha256:f003ed9ad21d6a4713f0a9b5a7a0a79e08dd0f221aff4525a2be4c346ee60aab",
                "sha256:f22ac1c3cac4dbc50079e965eba2c1058622631e526bd9afd45fedd49ba781fa",
                "sha256:faca3bdcf85b2fc05d06ff3fbc1f83e1391b3e724afa3feba7d13eeab355484c",
                "sha256:fca0e3a251908a499833aa292323f32437106001d436eca0e6e7833256674585",
                "sha256:fd1592b3fdf65fff2ad0004b5e363300ef59ced41c2e6b3a99d4089fa8c5435d",
                "sha256:fd66fc5d0da6d9815ba2cebeb4205f95818ff4b79c3ebe268e75d961704af52f"
            ],
            "markers": "python_version >= '3.6'",
            "version": "==6.0.1"
        },
        "setuptools": {
            "hashes": [
                "sha256:4ac1475276d2f1c48684874089fefcd83bd7162ddaafb81fac866ba0db282a87",
                "sha256:b454a35605876da60632df1a60f736524eb73cc47bbc9f3f1ef1b644de74fd2a"
            ],
            "markers": "python_version >= '3.8'",
            "version": "==68.2.2"
        },
        "six": {
            "hashes": [
                "sha256:1e61c37477a1626458e36f7b1d82aa5c9b094fa4802892072e49de9c60c4c926",
                "sha256:8abb2f1d86890a2dfb989f9a77cfcfd3e47c2a354b01111771326f8aa26e0254"
            ],
            "index": "pypi",
            "markers": "python_version >= '2.7' and python_version not in '3.0, 3.1, 3.2'",
            "version": "==1.16.0"
        },
        "tzdata": {
            "hashes": [
                "sha256:11ef1e08e54acb0d4f95bdb1be05da659673de4acbd21bf9c69e94cc5e907a3a",
                "sha256:7e65763eef3120314099b6939b5546db7adce1e7d6f2e179e3df563c70511eda"
            ],
            "index": "pypi",
            "markers": "python_version >= '2'",
            "version": "==2023.3"
        }
    },
    "develop": {}
}
